
Microsoft Visual Studio Solution File, Format Version 12.00
# Visual Studio Version 16
VisualStudioVersion = 16.0.29709.97
MinimumVisualStudioVersion = 10.0.40219.1
Project("{8BC9CEB8-8B4A-11D0-8D11-00A0C91BC942}") = "HW_vector_point", "HW_vector_point\HW_vector_point.vcxproj", "{F196D799-D0CA-4BD1-8621-8D90903EE715}"
EndProject
Global
	GlobalSection(SolutionConfigurationPlatforms) = preSolution
		Debug|x64 = Debug|x64
		Debug|x86 = Debug|x86
		Release|x64 = Release|x64
		Release|x86 = Release|x86
	EndGlobalSection
	GlobalSection(ProjectConfigurationPlatforms) = postSolution
		{F196D799-D0CA-4BD1-8621-8D90903EE715}.Debug|x64.ActiveCfg = Debug|x64
		{F196D799-D0CA-4BD1-8621-8D90903EE715}.Debug|x64.Build.0 = Debug|x64
		{F196D799-D0CA-4BD1-8621-8D90903EE715}.Debug|x86.ActiveCfg = Debug|Win32
		{F196D799-D0CA-4BD1-8621-8D90903EE715}.Debug|x86.Build.0 = Debug|Win32
		{F196D799-D0CA-4BD1-8621-8D90903EE715}.Release|x64.ActiveCfg = Release|x64
		{F196D799-D0CA-4BD1-8621-8D90903EE715}.Release|x64.Build.0 = Release|x64
		{F196D799-D0CA-4BD1-8621-8D90903EE715}.Release|x86.ActiveCfg = Release|Win32
		{F196D799-D0CA-4BD1-8621-8D90903EE715}.Release|x86.Build.0 = Release|Win32
	EndGlobalSection
	GlobalSection(SolutionProperties) = preSolution
		HideSolutionNode = FALSE
	EndGlobalSection
	GlobalSection(ExtensibilityGlobals) = postSolution
		SolutionGuid = {3BF5F8CC-996B-414A-B7B6-7462D2274A4B}
	EndGlobalSection
EndGlobal
